{
  "originHash" : "c5afea59c1fcb1cdef77a22af65418d0c109877c61b51522c5f0a17a3e95ad13",
  "pins" : [
    {
      "identity" : "holiday_jp-swift",
      "kind" : "remoteSourceControl",
      "location" : "https://github.com/holiday-jp/holiday_jp-swift",
      "state" : {
        "revision" : "45129b042d941ab1abce2b878ee048c39f1813a8",
        "version" : "0.2.1"
      }
    },
    {
      "identity" : "snapkit",
      "kind" : "remoteSourceControl",
      "location" : "https://github.com/SnapKit/SnapKit",
      "state" : {
        "revision" : "f222cbdf325885926566172f6f5f06af95473158",
        "version" : "5.6.0"
      }
    }
  ],
  "version" : 3
}
