// !$*UTF8*$!
{
	archiveVersion = 1;
	classes = {
	};
	objectVersion = 56;
	objects = {

/* Begin PBXBuildFile section */
		AB5C61652C7F5E2B00D74372 /* HolidayJp in Frameworks */ = {isa = PBXBuildFile; productRef = AB5C61642C7F5E2B00D74372 /* HolidayJp */; };
		AB5C61672C7F658900D74372 /* Weekday.swift in Sources */ = {isa = PBXBuildFile; fileRef = AB5C61662C7F658900D74372 /* Weekday.swift */; };
		AB5C61692C91DAAF00D74372 /* Extension.swift in Sources */ = {isa = PBXBuildFile; fileRef = AB5C61682C91DAAF00D74372 /* Extension.swift */; };
		AB6FA0492B30745400C6682C /* Model.xcdatamodeld in Sources */ = {isa = PBXBuildFile; fileRef = AB6FA0472B30745400C6682C /* Model.xcdatamodeld */; };
		AB6FA04C2B3076AC00C6682C /* Diary+CoreDataClass.swift in Sources */ = {isa = PBXBuildFile; fileRef = AB6FA04A2B3076AC00C6682C /* Diary+CoreDataClass.swift */; };
		AB6FA04D2B3076AC00C6682C /* Diary+CoreDataProperties.swift in Sources */ = {isa = PBXBuildFile; fileRef = AB6FA04B2B3076AC00C6682C /* Diary+CoreDataProperties.swift */; };
		AB6FA04F2B3076CD00C6682C /* CoreDataManager.swift in Sources */ = {isa = PBXBuildFile; fileRef = AB6FA04E2B3076CD00C6682C /* CoreDataManager.swift */; };
		ABA00BFB2B12E3FB007EE2EB /* AppDelegate.swift in Sources */ = {isa = PBXBuildFile; fileRef = ABA00BFA2B12E3FB007EE2EB /* AppDelegate.swift */; };
		ABA00BFD2B12E3FB007EE2EB /* SceneDelegate.swift in Sources */ = {isa = PBXBuildFile; fileRef = ABA00BFC2B12E3FB007EE2EB /* SceneDelegate.swift */; };
		ABA00BFF2B12E3FB007EE2EB /* ViewController.swift in Sources */ = {isa = PBXBuildFile; fileRef = ABA00BFE2B12E3FB007EE2EB /* ViewController.swift */; };
		ABA00C042B12E3FD007EE2EB /* Assets.xcassets in Resources */ = {isa = PBXBuildFile; fileRef = ABA00C032B12E3FD007EE2EB /* Assets.xcassets */; };
		ABA00C072B12E3FD007EE2EB /* LaunchScreen.storyboard in Resources */ = {isa = PBXBuildFile; fileRef = ABA00C052B12E3FD007EE2EB /* LaunchScreen.storyboard */; };
		ABA00C102B12E4DE007EE2EB /* SnapKit in Frameworks */ = {isa = PBXBuildFile; productRef = ABA00C0F2B12E4DE007EE2EB /* SnapKit */; };
		ABA00C122B12E4DE007EE2EB /* SnapKit-Dynamic in Frameworks */ = {isa = PBXBuildFile; productRef = ABA00C112B12E4DE007EE2EB /* SnapKit-Dynamic */; };
		ABA00C142B12EA6F007EE2EB /* UIConstants.swift in Sources */ = {isa = PBXBuildFile; fileRef = ABA00C132B12EA6F007EE2EB /* UIConstants.swift */; };
		ABA00C182B12F0D8007EE2EB /* DiaryTableViewCell.swift in Sources */ = {isa = PBXBuildFile; fileRef = ABA00C172B12F0D8007EE2EB /* DiaryTableViewCell.swift */; };
		ABA00C1A2B13032C007EE2EB /* DiaryModel.swift in Sources */ = {isa = PBXBuildFile; fileRef = ABA00C192B13032C007EE2EB /* DiaryModel.swift */; };
		ABA00C1C2B1A0B49007EE2EB /* NewDiaryEntryViewController.swift in Sources */ = {isa = PBXBuildFile; fileRef = ABA00C1B2B1A0B49007EE2EB /* NewDiaryEntryViewController.swift */; };
		ABA00C202B2407D7007EE2EB /* TextViewCollectionViewCell.swift in Sources */ = {isa = PBXBuildFile; fileRef = ABA00C1F2B2407D7007EE2EB /* TextViewCollectionViewCell.swift */; };
/* End PBXBuildFile section */

/* Begin PBXFileReference section */
		AB5C61662C7F658900D74372 /* Weekday.swift */ = {isa = PBXFileReference; lastKnownFileType = sourcecode.swift; path = Weekday.swift; sourceTree = "<group>"; };
		AB5C61682C91DAAF00D74372 /* Extension.swift */ = {isa = PBXFileReference; lastKnownFileType = sourcecode.swift; path = Extension.swift; sourceTree = "<group>"; };
		AB6FA0482B30745400C6682C /* Model.xcdatamodel */ = {isa = PBXFileReference; lastKnownFileType = wrapper.xcdatamodel; path = Model.xcdatamodel; sourceTree = "<group>"; };
		AB6FA04A2B3076AC00C6682C /* Diary+CoreDataClass.swift */ = {isa = PBXFileReference; lastKnownFileType = sourcecode.swift; name = "Diary+CoreDataClass.swift"; path = "Diary/Diary+CoreDataClass.swift"; sourceTree = "<group>"; };
		AB6FA04B2B3076AC00C6682C /* Diary+CoreDataProperties.swift */ = {isa = PBXFileReference; lastKnownFileType = sourcecode.swift; name = "Diary+CoreDataProperties.swift"; path = "Diary/Diary+CoreDataProperties.swift"; sourceTree = "<group>"; };
		AB6FA04E2B3076CD00C6682C /* CoreDataManager.swift */ = {isa = PBXFileReference; lastKnownFileType = sourcecode.swift; path = CoreDataManager.swift; sourceTree = "<group>"; };
		ABA00BF72B12E3FB007EE2EB /* Diary.app */ = {isa = PBXFileReference; explicitFileType = wrapper.application; includeInIndex = 0; path = Diary.app; sourceTree = BUILT_PRODUCTS_DIR; };
		ABA00BFA2B12E3FB007EE2EB /* AppDelegate.swift */ = {isa = PBXFileReference; lastKnownFileType = sourcecode.swift; path = AppDelegate.swift; sourceTree = "<group>"; };
		ABA00BFC2B12E3FB007EE2EB /* SceneDelegate.swift */ = {isa = PBXFileReference; lastKnownFileType = sourcecode.swift; path = SceneDelegate.swift; sourceTree = "<group>"; };
		ABA00BFE2B12E3FB007EE2EB /* ViewController.swift */ = {isa = PBXFileReference; lastKnownFileType = sourcecode.swift; path = ViewController.swift; sourceTree = "<group>"; };
		ABA00C032B12E3FD007EE2EB /* Assets.xcassets */ = {isa = PBXFileReference; lastKnownFileType = folder.assetcatalog; path = Assets.xcassets; sourceTree = "<group>"; };
		ABA00C062B12E3FD007EE2EB /* Base */ = {isa = PBXFileReference; lastKnownFileType = file.storyboard; name = Base; path = Base.lproj/LaunchScreen.storyboard; sourceTree = "<group>"; };
		ABA00C082B12E3FD007EE2EB /* Info.plist */ = {isa = PBXFileReference; lastKnownFileType = text.plist.xml; path = Info.plist; sourceTree = "<group>"; };
		ABA00C132B12EA6F007EE2EB /* UIConstants.swift */ = {isa = PBXFileReference; lastKnownFileType = sourcecode.swift; path = UIConstants.swift; sourceTree = "<group>"; };
		ABA00C172B12F0D8007EE2EB /* DiaryTableViewCell.swift */ = {isa = PBXFileReference; lastKnownFileType = sourcecode.swift; path = DiaryTableViewCell.swift; sourceTree = "<group>"; };
		ABA00C192B13032C007EE2EB /* DiaryModel.swift */ = {isa = PBXFileReference; lastKnownFileType = sourcecode.swift; path = DiaryModel.swift; sourceTree = "<group>"; };
		ABA00C1B2B1A0B49007EE2EB /* NewDiaryEntryViewController.swift */ = {isa = PBXFileReference; lastKnownFileType = sourcecode.swift; path = NewDiaryEntryViewController.swift; sourceTree = "<group>"; };
		ABA00C1F2B2407D7007EE2EB /* TextViewCollectionViewCell.swift */ = {isa = PBXFileReference; lastKnownFileType = sourcecode.swift; path = TextViewCollectionViewCell.swift; sourceTree = "<group>"; };
/* End PBXFileReference section */

/* Begin PBXFrameworksBuildPhase section */
		ABA00BF42B12E3FB007EE2EB /* Frameworks */ = {
			isa = PBXFrameworksBuildPhase;
			buildActionMask = 2147483647;
			files = (
				ABA00C102B12E4DE007EE2EB /* SnapKit in Frameworks */,
				ABA00C122B12E4DE007EE2EB /* SnapKit-Dynamic in Frameworks */,
				AB5C61652C7F5E2B00D74372 /* HolidayJp in Frameworks */,
			);
			runOnlyForDeploymentPostprocessing = 0;
		};
/* End PBXFrameworksBuildPhase section */

/* Begin PBXGroup section */
		ABA00BEE2B12E3FB007EE2EB = {
			isa = PBXGroup;
			children = (
				AB6FA04A2B3076AC00C6682C /* Diary+CoreDataClass.swift */,
				AB6FA04B2B3076AC00C6682C /* Diary+CoreDataProperties.swift */,
				ABA00BF92B12E3FB007EE2EB /* Diary */,
				ABA00BF82B12E3FB007EE2EB /* Products */,
			);
			sourceTree = "<group>";
		};
		ABA00BF82B12E3FB007EE2EB /* Products */ = {
			isa = PBXGroup;
			children = (
				ABA00BF72B12E3FB007EE2EB /* Diary.app */,
			);
			name = Products;
			sourceTree = "<group>";
		};
		ABA00BF92B12E3FB007EE2EB /* Diary */ = {
			isa = PBXGroup;
			children = (
				AB5C61662C7F658900D74372 /* Weekday.swift */,
				ABA00BFA2B12E3FB007EE2EB /* AppDelegate.swift */,
				ABA00C1F2B2407D7007EE2EB /* TextViewCollectionViewCell.swift */,
				ABA00BFC2B12E3FB007EE2EB /* SceneDelegate.swift */,
				ABA00BFE2B12E3FB007EE2EB /* ViewController.swift */,
				AB5C61682C91DAAF00D74372 /* Extension.swift */,
				ABA00C1B2B1A0B49007EE2EB /* NewDiaryEntryViewController.swift */,
				ABA00C192B13032C007EE2EB /* DiaryModel.swift */,
				ABA00C172B12F0D8007EE2EB /* DiaryTableViewCell.swift */,
				AB6FA04E2B3076CD00C6682C /* CoreDataManager.swift */,
				ABA00C132B12EA6F007EE2EB /* UIConstants.swift */,
				ABA00C032B12E3FD007EE2EB /* Assets.xcassets */,
				AB6FA0472B30745400C6682C /* Model.xcdatamodeld */,
				ABA00C052B12E3FD007EE2EB /* LaunchScreen.storyboard */,
				ABA00C082B12E3FD007EE2EB /* Info.plist */,
			);
			path = Diary;
			sourceTree = "<group>";
		};
/* End PBXGroup section */

/* Begin PBXNativeTarget section */
		ABA00BF62B12E3FB007EE2EB /* Diary */ = {
			isa = PBXNativeTarget;
			buildConfigurationList = ABA00C0B2B12E3FD007EE2EB /* Build configuration list for PBXNativeTarget "Diary" */;
			buildPhases = (
				ABA00BF32B12E3FB007EE2EB /* Sources */,
				ABA00BF42B12E3FB007EE2EB /* Frameworks */,
				ABA00BF52B12E3FB007EE2EB /* Resources */,
			);
			buildRules = (
			);
			dependencies = (
			);
			name = Diary;
			packageProductDependencies = (
				ABA00C0F2B12E4DE007EE2EB /* SnapKit */,
				ABA00C112B12E4DE007EE2EB /* SnapKit-Dynamic */,
				AB5C61642C7F5E2B00D74372 /* HolidayJp */,
			);
			productName = Diary;
			productReference = ABA00BF72B12E3FB007EE2EB /* Diary.app */;
			productType = "com.apple.product-type.application";
		};
/* End PBXNativeTarget section */

/* Begin PBXProject section */
		ABA00BEF2B12E3FB007EE2EB /* Project object */ = {
			isa = PBXProject;
			attributes = {
				BuildIndependentTargetsInParallel = 1;
				LastSwiftUpdateCheck = 1500;
				LastUpgradeCheck = 1500;
				TargetAttributes = {
					ABA00BF62B12E3FB007EE2EB = {
						CreatedOnToolsVersion = 15.0.1;
					};
				};
			};
			buildConfigurationList = ABA00BF22B12E3FB007EE2EB /* Build configuration list for PBXProject "Diary" */;
			compatibilityVersion = "Xcode 14.0";
			developmentRegion = en;
			hasScannedForEncodings = 0;
			knownRegions = (
				en,
				Base,
			);
			mainGroup = ABA00BEE2B12E3FB007EE2EB;
			packageReferences = (
				ABA00C0E2B12E4DE007EE2EB /* XCRemoteSwiftPackageReference "SnapKit" */,
				AB5C61632C7F5E2B00D74372 /* XCRemoteSwiftPackageReference "holiday_jp-swift" */,
			);
			productRefGroup = ABA00BF82B12E3FB007EE2EB /* Products */;
			projectDirPath = "";
			projectRoot = "";
			targets = (
				ABA00BF62B12E3FB007EE2EB /* Diary */,
			);
		};
/* End PBXProject section */

/* Begin PBXResourcesBuildPhase section */
		ABA00BF52B12E3FB007EE2EB /* Resources */ = {
			isa = PBXResourcesBuildPhase;
			buildActionMask = 2147483647;
			files = (
				ABA00C072B12E3FD007EE2EB /* LaunchScreen.storyboard in Resources */,
				ABA00C042B12E3FD007EE2EB /* Assets.xcassets in Resources */,
			);
			runOnlyForDeploymentPostprocessing = 0;
		};
/* End PBXResourcesBuildPhase section */

/* Begin PBXSourcesBuildPhase section */
		ABA00BF32B12E3FB007EE2EB /* Sources */ = {
			isa = PBXSourcesBuildPhase;
			buildActionMask = 2147483647;
			files = (
				ABA00BFF2B12E3FB007EE2EB /* ViewController.swift in Sources */,
				ABA00C1A2B13032C007EE2EB /* DiaryModel.swift in Sources */,
				AB6FA04D2B3076AC00C6682C /* Diary+CoreDataProperties.swift in Sources */,
				ABA00C182B12F0D8007EE2EB /* DiaryTableViewCell.swift in Sources */,
				AB6FA04C2B3076AC00C6682C /* Diary+CoreDataClass.swift in Sources */,
				ABA00BFB2B12E3FB007EE2EB /* AppDelegate.swift in Sources */,
				AB6FA04F2B3076CD00C6682C /* CoreDataManager.swift in Sources */,
				ABA00C202B2407D7007EE2EB /* TextViewCollectionViewCell.swift in Sources */,
				AB5C61672C7F658900D74372 /* Weekday.swift in Sources */,
				AB5C61692C91DAAF00D74372 /* Extension.swift in Sources */,
				AB6FA0492B30745400C6682C /* Model.xcdatamodeld in Sources */,
				ABA00BFD2B12E3FB007EE2EB /* SceneDelegate.swift in Sources */,
				ABA00C142B12EA6F007EE2EB /* UIConstants.swift in Sources */,
				ABA00C1C2B1A0B49007EE2EB /* NewDiaryEntryViewController.swift in Sources */,
			);
			runOnlyForDeploymentPostprocessing = 0;
		};
/* End PBXSourcesBuildPhase section */

/* Begin PBXVariantGroup section */
		ABA00C052B12E3FD007EE2EB /* LaunchScreen.storyboard */ = {
			isa = PBXVariantGroup;
			children = (
				ABA00C062B12E3FD007EE2EB /* Base */,
			);
			name = LaunchScreen.storyboard;
			sourceTree = "<group>";
		};
/* End PBXVariantGroup section */

/* Begin XCBuildConfiguration section */
		ABA00C092B12E3FD007EE2EB /* Debug */ = {
			isa = XCBuildConfiguration;
			buildSettings = {
				ALWAYS_SEARCH_USER_PATHS = NO;
				ASSETCATALOG_COMPILER_GENERATE_SWIFT_ASSET_SYMBOL_EXTENSIONS = YES;
				CLANG_ANALYZER_NONNULL = YES;
				CLANG_ANALYZER_NUMBER_OBJECT_CONVERSION = YES_AGGRESSIVE;
				CLANG_CXX_LANGUAGE_STANDARD = "gnu++20";
				CLANG_ENABLE_MODULES = YES;
				CLANG_ENABLE_OBJC_ARC = YES;
				CLANG_ENABLE_OBJC_WEAK = YES;
				CLANG_WARN_BLOCK_CAPTURE_AUTORELEASING = YES;
				CLANG_WARN_BOOL_CONVERSION = YES;
				CLANG_WARN_COMMA = YES;
				CLANG_WARN_CONSTANT_CONVERSION = YES;
				CLANG_WARN_DEPRECATED_OBJC_IMPLEMENTATIONS = YES;
				CLANG_WARN_DIRECT_OBJC_ISA_USAGE = YES_ERROR;
				CLANG_WARN_DOCUMENTATION_COMMENTS = YES;
				CLANG_WARN_EMPTY_BODY = YES;
				CLANG_WARN_ENUM_CONVERSION = YES;
				CLANG_WARN_INFINITE_RECURSION = YES;
				CLANG_WARN_INT_CONVERSION = YES;
				CLANG_WARN_NON_LITERAL_NULL_CONVERSION = YES;
				CLANG_WARN_OBJC_IMPLICIT_RETAIN_SELF = YES;
				CLANG_WARN_OBJC_LITERAL_CONVERSION = YES;
				CLANG_WARN_OBJC_ROOT_CLASS = YES_ERROR;
				CLANG_WARN_QUOTED_INCLUDE_IN_FRAMEWORK_HEADER = YES;
				CLANG_WARN_RANGE_LOOP_ANALYSIS = YES;
				CLANG_WARN_STRICT_PROTOTYPES = YES;
				CLANG_WARN_SUSPICIOUS_MOVE = YES;
				CLANG_WARN_UNGUARDED_AVAILABILITY = YES_AGGRESSIVE;
				CLANG_WARN_UNREACHABLE_CODE = YES;
				CLANG_WARN__DUPLICATE_METHOD_MATCH = YES;
				COPY_PHASE_STRIP = NO;
				DEBUG_INFORMATION_FORMAT = dwarf;
				ENABLE_STRICT_OBJC_MSGSEND = YES;
				ENABLE_TESTABILITY = YES;
				ENABLE_USER_SCRIPT_SANDBOXING = YES;
				GCC_C_LANGUAGE_STANDARD = gnu17;
				GCC_DYNAMIC_NO_PIC = NO;
				GCC_NO_COMMON_BLOCKS = YES;
				GCC_OPTIMIZATION_LEVEL = 0;
				GCC_PREPROCESSOR_DEFINITIONS = (
					"DEBUG=1",
					"$(inherited)",
				);
				GCC_WARN_64_TO_32_BIT_CONVERSION = YES;
				GCC_WARN_ABOUT_RETURN_TYPE = YES_ERROR;
				GCC_WARN_UNDECLARED_SELECTOR = YES;
				GCC_WARN_UNINITIALIZED_AUTOS = YES_AGGRESSIVE;
				GCC_WARN_UNUSED_FUNCTION = YES;
				GCC_WARN_UNUSED_VARIABLE = YES;
				IPHONEOS_DEPLOYMENT_TARGET = 17.0;
				LOCALIZATION_PREFERS_STRING_CATALOGS = YES;
				MTL_ENABLE_DEBUG_INFO = INCLUDE_SOURCE;
				MTL_FAST_MATH = YES;
				ONLY_ACTIVE_ARCH = YES;
				SDKROOT = iphoneos;
				SWIFT_ACTIVE_COMPILATION_CONDITIONS = "DEBUG $(inherited)";
				SWIFT_OPTIMIZATION_LEVEL = "-Onone";
			};
			name = Debug;
		};
		ABA00C0A2B12E3FD007EE2EB /* Release */ = {
			isa = XCBuildConfiguration;
			buildSettings = {
				ALWAYS_SEARCH_USER_PATHS = NO;
				ASSETCATALOG_COMPILER_GENERATE_SWIFT_ASSET_SYMBOL_EXTENSIONS = YES;
				CLANG_ANALYZER_NONNULL = YES;
				CLANG_ANALYZER_NUMBER_OBJECT_CONVERSION = YES_AGGRESSIVE;
				CLANG_CXX_LANGUAGE_STANDARD = "gnu++20";
				CLANG_ENABLE_MODULES = YES;
				CLANG_ENABLE_OBJC_ARC = YES;
				CLANG_ENABLE_OBJC_WEAK = YES;
				CLANG_WARN_BLOCK_CAPTURE_AUTORELEASING = YES;
				CLANG_WARN_BOOL_CONVERSION = YES;
				CLANG_WARN_COMMA = YES;
				CLANG_WARN_CONSTANT_CONVERSION = YES;
				CLANG_WARN_DEPRECATED_OBJC_IMPLEMENTATIONS = YES;
				CLANG_WARN_DIRECT_OBJC_ISA_USAGE = YES_ERROR;
				CLANG_WARN_DOCUMENTATION_COMMENTS = YES;
				CLANG_WARN_EMPTY_BODY = YES;
				CLANG_WARN_ENUM_CONVERSION = YES;
				CLANG_WARN_INFINITE_RECURSION = YES;
				CLANG_WARN_INT_CONVERSION = YES;
				CLANG_WARN_NON_LITERAL_NULL_CONVERSION = YES;
				CLANG_WARN_OBJC_IMPLICIT_RETAIN_SELF = YES;
				CLANG_WARN_OBJC_LITERAL_CONVERSION = YES;
				CLANG_WARN_OBJC_ROOT_CLASS = YES_ERROR;
				CLANG_WARN_QUOTED_INCLUDE_IN_FRAMEWORK_HEADER = YES;
				CLANG_WARN_RANGE_LOOP_ANALYSIS = YES;
				CLANG_WARN_STRICT_PROTOTYPES = YES;
				CLANG_WARN_SUSPICIOUS_MOVE = YES;
				CLANG_WARN_UNGUARDED_AVAILABILITY = YES_AGGRESSIVE;
				CLANG_WARN_UNREACHABLE_CODE = YES;
				CLANG_WARN__DUPLICATE_METHOD_MATCH = YES;
				COPY_PHASE_STRIP = NO;
				DEBUG_INFORMATION_FORMAT = "dwarf-with-dsym";
				ENABLE_NS_ASSERTIONS = NO;
				ENABLE_STRICT_OBJC_MSGSEND = YES;
				ENABLE_USER_SCRIPT_SANDBOXING = YES;
				GCC_C_LANGUAGE_STANDARD = gnu17;
				GCC_NO_COMMON_BLOCKS = YES;
				GCC_WARN_64_TO_32_BIT_CONVERSION = YES;
				GCC_WARN_ABOUT_RETURN_TYPE = YES_ERROR;
				GCC_WARN_UNDECLARED_SELECTOR = YES;
				GCC_WARN_UNINITIALIZED_AUTOS = YES_AGGRESSIVE;
				GCC_WARN_UNUSED_FUNCTION = YES;
				GCC_WARN_UNUSED_VARIABLE = YES;
				IPHONEOS_DEPLOYMENT_TARGET = 17.0;
				LOCALIZATION_PREFERS_STRING_CATALOGS = YES;
				MTL_ENABLE_DEBUG_INFO = NO;
				MTL_FAST_MATH = YES;
				SDKROOT = iphoneos;
				SWIFT_COMPILATION_MODE = wholemodule;
				VALIDATE_PRODUCT = YES;
			};
			name = Release;
		};
		ABA00C0C2B12E3FD007EE2EB /* Debug */ = {
			isa = XCBuildConfiguration;
			buildSettings = {
				ASSETCATALOG_COMPILER_APPICON_NAME = AppIcon;
				ASSETCATALOG_COMPILER_GLOBAL_ACCENT_COLOR_NAME = AccentColor;
				CODE_SIGN_STYLE = Automatic;
				CURRENT_PROJECT_VERSION = 1;
				DEVELOPMENT_TEAM = NH7BJRH7T4;
				GENERATE_INFOPLIST_FILE = YES;
				INFOPLIST_FILE = Diary/Info.plist;
				INFOPLIST_KEY_UIApplicationSupportsIndirectInputEvents = YES;
				INFOPLIST_KEY_UILaunchStoryboardName = LaunchScreen;
				INFOPLIST_KEY_UIMainStoryboardFile = "";
				INFOPLIST_KEY_UISupportedInterfaceOrientations_iPad = "UIInterfaceOrientationPortrait UIInterfaceOrientationPortraitUpsideDown UIInterfaceOrientationLandscapeLeft UIInterfaceOrientationLandscapeRight";
				INFOPLIST_KEY_UISupportedInterfaceOrientations_iPhone = "UIInterfaceOrientationPortrait UIInterfaceOrientationLandscapeLeft UIInterfaceOrientationLandscapeRight";
				LD_RUNPATH_SEARCH_PATHS = (
					"$(inherited)",
					"@executable_path/Frameworks",
				);
				MARKETING_VERSION = 1.0;
				PRODUCT_BUNDLE_IDENTIFIER = "com.shunsuke-soeyama.Diary";
				PRODUCT_NAME = "$(TARGET_NAME)";
				SWIFT_EMIT_LOC_STRINGS = YES;
				SWIFT_VERSION = 5.0;
				TARGETED_DEVICE_FAMILY = "1,2";
			};
			name = Debug;
		};
		ABA00C0D2B12E3FD007EE2EB /* Release */ = {
			isa = XCBuildConfiguration;
			buildSettings = {
				ASSETCATALOG_COMPILER_APPICON_NAME = AppIcon;
				ASSETCATALOG_COMPILER_GLOBAL_ACCENT_COLOR_NAME = AccentColor;
				CODE_SIGN_STYLE = Automatic;
				CURRENT_PROJECT_VERSION = 1;
				DEVELOPMENT_TEAM = NH7BJRH7T4;
				GENERATE_INFOPLIST_FILE = YES;
				INFOPLIST_FILE = Diary/Info.plist;
				INFOPLIST_KEY_UIApplicationSupportsIndirectInputEvents = YES;
				INFOPLIST_KEY_UILaunchStoryboardName = LaunchScreen;
				INFOPLIST_KEY_UIMainStoryboardFile = "";
				INFOPLIST_KEY_UISupportedInterfaceOrientations_iPad = "UIInterfaceOrientationPortrait UIInterfaceOrientationPortraitUpsideDown UIInterfaceOrientationLandscapeLeft UIInterfaceOrientationLandscapeRight";
				INFOPLIST_KEY_UISupportedInterfaceOrientations_iPhone = "UIInterfaceOrientationPortrait UIInterfaceOrientationLandscapeLeft UIInterfaceOrientationLandscapeRight";
				LD_RUNPATH_SEARCH_PATHS = (
					"$(inherited)",
					"@executable_path/Frameworks",
				);
				MARKETING_VERSION = 1.0;
				PRODUCT_BUNDLE_IDENTIFIER = "com.shunsuke-soeyama.Diary";
				PRODUCT_NAME = "$(TARGET_NAME)";
				SWIFT_EMIT_LOC_STRINGS = YES;
				SWIFT_VERSION = 5.0;
				TARGETED_DEVICE_FAMILY = "1,2";
			};
			name = Release;
		};
/* End XCBuildConfiguration section */

/* Begin XCConfigurationList section */
		ABA00BF22B12E3FB007EE2EB /* Build configuration list for PBXProject "Diary" */ = {
			isa = XCConfigurationList;
			buildConfigurations = (
				ABA00C092B12E3FD007EE2EB /* Debug */,
				ABA00C0A2B12E3FD007EE2EB /* Release */,
			);
			defaultConfigurationIsVisible = 0;
			defaultConfigurationName = Release;
		};
		ABA00C0B2B12E3FD007EE2EB /* Build configuration list for PBXNativeTarget "Diary" */ = {
			isa = XCConfigurationList;
			buildConfigurations = (
				ABA00C0C2B12E3FD007EE2EB /* Debug */,
				ABA00C0D2B12E3FD007EE2EB /* Release */,
			);
			defaultConfigurationIsVisible = 0;
			defaultConfigurationName = Release;
		};
/* End XCConfigurationList section */

/* Begin XCRemoteSwiftPackageReference section */
		AB5C61632C7F5E2B00D74372 /* XCRemoteSwiftPackageReference "holiday_jp-swift" */ = {
			isa = XCRemoteSwiftPackageReference;
			repositoryURL = "https://github.com/holiday-jp/holiday_jp-swift";
			requirement = {
				kind = upToNextMajorVersion;
				minimumVersion = 0.2.1;
			};
		};
		ABA00C0E2B12E4DE007EE2EB /* XCRemoteSwiftPackageReference "SnapKit" */ = {
			isa = XCRemoteSwiftPackageReference;
			repositoryURL = "https://github.com/SnapKit/SnapKit";
			requirement = {
				kind = upToNextMajorVersion;
				minimumVersion = 5.6.0;
			};
		};
/* End XCRemoteSwiftPackageReference section */

/* Begin XCSwiftPackageProductDependency section */
		AB5C61642C7F5E2B00D74372 /* HolidayJp */ = {
			isa = XCSwiftPackageProductDependency;
			package = AB5C61632C7F5E2B00D74372 /* XCRemoteSwiftPackageReference "holiday_jp-swift" */;
			productName = HolidayJp;
		};
		ABA00C0F2B12E4DE007EE2EB /* SnapKit */ = {
			isa = XCSwiftPackageProductDependency;
			package = ABA00C0E2B12E4DE007EE2EB /* XCRemoteSwiftPackageReference "SnapKit" */;
			productName = SnapKit;
		};
		ABA00C112B12E4DE007EE2EB /* SnapKit-Dynamic */ = {
			isa = XCSwiftPackageProductDependency;
			package = ABA00C0E2B12E4DE007EE2EB /* XCRemoteSwiftPackageReference "SnapKit" */;
			productName = "SnapKit-Dynamic";
		};
/* End XCSwiftPackageProductDependency section */

/* Begin XCVersionGroup section */
		AB6FA0472B30745400C6682C /* Model.xcdatamodeld */ = {
			isa = XCVersionGroup;
			children = (
				AB6FA0482B30745400C6682C /* Model.xcdatamodel */,
			);
			currentVersion = AB6FA0482B30745400C6682C /* Model.xcdatamodel */;
			path = Model.xcdatamodeld;
			sourceTree = "<group>";
			versionGroupType = wrapper.xcdatamodel;
		};
/* End XCVersionGroup section */
	};
	rootObject = ABA00BEF2B12E3FB007EE2EB /* Project object */;
}
